
Microsoft Visual Studio Solution File, Format Version 12.00
# Visual Studio 15
Project("{FAE04EC0-301F-11D3-BF4B-00C04F79EFBC}") = "Legend.Identity", "Legend.Identity\Legend.Identity.csproj", "{A51BC10E-D3E9-4793-B132-B50AD92C6EBF}"
EndProject
Project("{FAE04EC0-301F-11D3-BF4B-00C04F79EFBC}") = "Legend.API", "Legend.API\Legend.API.csproj", "{57F4D472-A3B4-436A-B129-D343DA576A76}"
EndProject
Project("{FAE04EC0-301F-11D3-BF4B-00C04F79EFBC}") = "Legend.Admin", "Legend.Admin\Legend.Admin.csproj", "{AA49DDA8-50A6-4057-BE06-378DB0D808DA}"
EndProject
Global
	GlobalSection(SolutionConfigurationPlatforms) = preSolution
		Debug|Any CPU = Debug|Any CPU
		Release|Any CPU = Release|Any CPU
	EndGlobalSection
	GlobalSection(ProjectConfigurationPlatforms) = postSolution
		{A51BC10E-D3E9-4793-B132-B50AD92C6EBF}.Debug|Any CPU.ActiveCfg = Debug|Any CPU
		{A51BC10E-D3E9-4793-B132-B50AD92C6EBF}.Debug|Any CPU.Build.0 = Debug|Any CPU
		{A51BC10E-D3E9-4793-B132-B50AD92C6EBF}.Release|Any CPU.ActiveCfg = Release|Any CPU
		{A51BC10E-D3E9-4793-B132-B50AD92C6EBF}.Release|Any CPU.Build.0 = Release|Any CPU
		{57F4D472-A3B4-436A-B129-D343DA576A76}.Debug|Any CPU.ActiveCfg = Debug|Any CPU
		{57F4D472-A3B4-436A-B129-D343DA576A76}.Debug|Any CPU.Build.0 = Debug|Any CPU
		{57F4D472-A3B4-436A-B129-D343DA576A76}.Release|Any CPU.ActiveCfg = Release|Any CPU
		{57F4D472-A3B4-436A-B129-D343DA576A76}.Release|Any CPU.Build.0 = Release|Any CPU
		{AA49DDA8-50A6-4057-BE06-378DB0D808DA}.Debug|Any CPU.ActiveCfg = Debug|Any CPU
		{AA49DDA8-50A6-4057-BE06-378DB0D808DA}.Debug|Any CPU.Build.0 = Debug|Any CPU
		{AA49DDA8-50A6-4057-BE06-378DB0D808DA}.Release|Any CPU.ActiveCfg = Release|Any CPU
		{AA49DDA8-50A6-4057-BE06-378DB0D808DA}.Release|Any CPU.Build.0 = Release|Any CPU
	EndGlobalSection
EndGlobal
